
Microsoft Visual Studio Solution File, Format Version 12.00
# Visual Studio Version 17
VisualStudioVersion = 17.5.33414.496
MinimumVisualStudioVersion = 10.0.40219.1
Project("{9A19103F-16F7-4668-BE54-9A1E7A4F7556}") = "Globomantics.Domain", "Globomantics.Domain\Globomantics.Domain.csproj", "{837051D8-6EF7-4650-B875-6B9C048712EA}"
EndProject
Project("{9A19103F-16F7-4668-BE54-9A1E7A4F7556}") = "Globomantics.Infrastructure", "Globomantics.Infrastructure\Globomantics.Infrastructure.csproj", "{0BD7394C-8305-48D4-8608-0A962ADED39D}"
EndProject
Project("{9A19103F-16F7-4668-BE54-9A1E7A4F7556}") = "Globomantics.Windows", "..\c-sharp-building-real-world-application\src\Start_Here\Globomantics.Windows\Globomantics.Windows.csproj", "{BE9577D3-A974-4A2A-83A5-3BA468DF8E13}"
EndProject
Global
	GlobalSection(SolutionConfigurationPlatforms) = preSolution
		Debug|Any CPU = Debug|Any CPU
		Release|Any CPU = Release|Any CPU
	EndGlobalSection
	GlobalSection(ProjectConfigurationPlatforms) = postSolution
		{837051D8-6EF7-4650-B875-6B9C048712EA}.Debug|Any CPU.ActiveCfg = Debug|Any CPU
		{837051D8-6EF7-4650-B875-6B9C048712EA}.Debug|Any CPU.Build.0 = Debug|Any CPU
		{837051D8-6EF7-4650-B875-6B9C048712EA}.Release|Any CPU.ActiveCfg = Release|Any CPU
		{837051D8-6EF7-4650-B875-6B9C048712EA}.Release|Any CPU.Build.0 = Release|Any CPU
		{0BD7394C-8305-48D4-8608-0A962ADED39D}.Debug|Any CPU.ActiveCfg = Debug|Any CPU
		{0BD7394C-8305-48D4-8608-0A962ADED39D}.Debug|Any CPU.Build.0 = Debug|Any CPU
		{0BD7394C-8305-48D4-8608-0A962ADED39D}.Release|Any CPU.ActiveCfg = Release|Any CPU
		{0BD7394C-8305-48D4-8608-0A962ADED39D}.Release|Any CPU.Build.0 = Release|Any CPU
		{BE9577D3-A974-4A2A-83A5-3BA468DF8E13}.Debug|Any CPU.ActiveCfg = Debug|Any CPU
		{BE9577D3-A974-4A2A-83A5-3BA468DF8E13}.Debug|Any CPU.Build.0 = Debug|Any CPU
		{BE9577D3-A974-4A2A-83A5-3BA468DF8E13}.Release|Any CPU.ActiveCfg = Release|Any CPU
		{BE9577D3-A974-4A2A-83A5-3BA468DF8E13}.Release|Any CPU.Build.0 = Release|Any CPU
	EndGlobalSection
	GlobalSection(SolutionProperties) = preSolution
		HideSolutionNode = FALSE
	EndGlobalSection
	GlobalSection(ExtensibilityGlobals) = postSolution
		SolutionGuid = {0D1ACF37-9668-426F-9D50-4425B1939E4F}
	EndGlobalSection
EndGlobal
